Microsoft Visual Studio Solution File, Format Version 12.00
# Visual Studio Version 17
VisualStudioVersion = 17.5.2.0
MinimumVisualStudioVersion = 10.0.40219.1
Project("{FAE04EC0-301F-11D3-BF4B-00C04F79EFBC}") = "mykhilcreations", "mykhilcreations.csproj", "{65C199DE-93F4-EB9F-2E78-6C56FEFEBFAB}"
EndProject
Global
	GlobalSection(SolutionConfigurationPlatforms) = preSolution
		Debug|Any CPU = Debug|Any CPU
		Release|Any CPU = Release|Any CPU
	EndGlobalSection
	GlobalSection(ProjectConfigurationPlatforms) = postSolution
		{65C199DE-93F4-EB9F-2E78-6C56FEFEBFAB}.Debug|Any CPU.ActiveCfg = Debug|Any CPU
		{65C199DE-93F4-EB9F-2E78-6C56FEFEBFAB}.Debug|Any CPU.Build.0 = Debug|Any CPU
		{65C199DE-93F4-EB9F-2E78-6C56FEFEBFAB}.Release|Any CPU.ActiveCfg = Release|Any CPU
		{65C199DE-93F4-EB9F-2E78-6C56FEFEBFAB}.Release|Any CPU.Build.0 = Release|Any CPU
	EndGlobalSection
	GlobalSection(SolutionProperties) = preSolution
		HideSolutionNode = FALSE
	EndGlobalSection
	GlobalSection(ExtensibilityGlobals) = postSolution
		SolutionGuid = {AF8AC56C-8816-44F5-9C75-D998390D790F}
	EndGlobalSection
EndGlobal
